
Microsoft Visual Studio Solution File, Format Version 12.00
# Visual Studio Version 17
VisualStudioVersion = 17.3.32825.248
MinimumVisualStudioVersion = 10.0.40219.1
Project("{FAE04EC0-301F-11D3-BF4B-00C04F79EFBC}") = "Student_Attendance_System", "Student_Attendance_System.csproj", "{067804E8-4B51-406F-B486-1F2A072FDC27}"
EndProject
Global
	GlobalSection(SolutionConfigurationPlatforms) = preSolution
		Debug|Any CPU = Debug|Any CPU
		Release|Any CPU = Release|Any CPU
	EndGlobalSection
	GlobalSection(ProjectConfigurationPlatforms) = postSolution
		{067804E8-4B51-406F-B486-1F2A072FDC27}.Debug|Any CPU.ActiveCfg = Debug|Any CPU
		{067804E8-4B51-406F-B486-1F2A072FDC27}.Debug|Any CPU.Build.0 = Debug|Any CPU
		{067804E8-4B51-406F-B486-1F2A072FDC27}.Release|Any CPU.ActiveCfg = Release|Any CPU
		{067804E8-4B51-406F-B486-1F2A072FDC27}.Release|Any CPU.Build.0 = Release|Any CPU
	EndGlobalSection
	GlobalSection(SolutionProperties) = preSolution
		HideSolutionNode = FALSE
	EndGlobalSection
	GlobalSection(ExtensibilityGlobals) = postSolution
		SolutionGuid = {408ADA08-D9A8-4507-B385-69C94C10BAAE}
	EndGlobalSection
EndGlobal
